
Microsoft Visual Studio Solution File, Format Version 12.00
# Visual Studio Version 16
VisualStudioVersion = 16.0.29519.87
MinimumVisualStudioVersion = 10.0.40219.1
Project("{FAE04EC0-301F-11D3-BF4B-00C04F79EFBC}") = "TrackerLibrary", "TrackerLibrary\TrackerLibrary.csproj", "{4B5513B3-6B0B-45A4-940B-105806EC09BD}"
EndProject
Project("{FAE04EC0-301F-11D3-BF4B-00C04F79EFBC}") = "TrackerUI", "TrackerUI\TrackerUI.csproj", "{1A9C32D8-1CB2-4CCC-9C73-B37F1AF8B065}"
EndProject
Global
	GlobalSection(SolutionConfigurationPlatforms) = preSolution
		Debug|Any CPU = Debug|Any CPU
		Release|Any CPU = Release|Any CPU
	EndGlobalSection
	GlobalSection(ProjectConfigurationPlatforms) = postSolution
		{4B5513B3-6B0B-45A4-940B-105806EC09BD}.Debug|Any CPU.ActiveCfg = Debug|Any CPU
		{4B5513B3-6B0B-45A4-940B-105806EC09BD}.Debug|Any CPU.Build.0 = Debug|Any CPU
		{4B5513B3-6B0B-45A4-940B-105806EC09BD}.Release|Any CPU.ActiveCfg = Release|Any CPU
		{4B5513B3-6B0B-45A4-940B-105806EC09BD}.Release|Any CPU.Build.0 = Release|Any CPU
		{1A9C32D8-1CB2-4CCC-9C73-B37F1AF8B065}.Debug|Any CPU.ActiveCfg = Debug|Any CPU
		{1A9C32D8-1CB2-4CCC-9C73-B37F1AF8B065}.Debug|Any CPU.Build.0 = Debug|Any CPU
		{1A9C32D8-1CB2-4CCC-9C73-B37F1AF8B065}.Release|Any CPU.ActiveCfg = Release|Any CPU
		{1A9C32D8-1CB2-4CCC-9C73-B37F1AF8B065}.Release|Any CPU.Build.0 = Release|Any CPU
	EndGlobalSection
	GlobalSection(SolutionProperties) = preSolution
		HideSolutionNode = FALSE
	EndGlobalSection
	GlobalSection(ExtensibilityGlobals) = postSolution
		SolutionGuid = {F5217E20-6C36-4B5B-A6E0-94B3C08B733E}
	EndGlobalSection
EndGlobal
